
Microsoft Visual Studio Solution File, Format Version 12.00
# Visual Studio Version 16
VisualStudioVersion = 16.0.30114.105
MinimumVisualStudioVersion = 10.0.40219.1
Project("{FAE04EC0-301F-11D3-BF4B-00C04F79EFBC}") = "ODataOffsetProblemPOC", "ODataOffsetProblemPOC.csproj", "{D7BD5E67-2F9E-45EF-8437-CF208C62A26A}"
EndProject
Global
	GlobalSection(SolutionConfigurationPlatforms) = preSolution
		Debug|Any CPU = Debug|Any CPU
		Release|Any CPU = Release|Any CPU
	EndGlobalSection
	GlobalSection(ProjectConfigurationPlatforms) = postSolution
		{D7BD5E67-2F9E-45EF-8437-CF208C62A26A}.Debug|Any CPU.ActiveCfg = Debug|Any CPU
		{D7BD5E67-2F9E-45EF-8437-CF208C62A26A}.Debug|Any CPU.Build.0 = Debug|Any CPU
		{D7BD5E67-2F9E-45EF-8437-CF208C62A26A}.Release|Any CPU.ActiveCfg = Release|Any CPU
		{D7BD5E67-2F9E-45EF-8437-CF208C62A26A}.Release|Any CPU.Build.0 = Release|Any CPU
	EndGlobalSection
	GlobalSection(SolutionProperties) = preSolution
		HideSolutionNode = FALSE
	EndGlobalSection
	GlobalSection(ExtensibilityGlobals) = postSolution
		SolutionGuid = {839D6AC5-778A-4165-8383-8E1E4FFB3EDE}
	EndGlobalSection
EndGlobal
